
Microsoft Visual Studio Solution File, Format Version 12.00
# Visual Studio 15
VisualStudioVersion = 15.0.27130.2036
MinimumVisualStudioVersion = 10.0.40219.1
Project("{FAE04EC0-301F-11D3-BF4B-00C04F79EFBC}") = "Tinaland", "Tinaland\Tinaland.csproj", "{C61D2281-BEC4-4037-914E-4782233DBC4C}"
EndProject
Global
	GlobalSection(SolutionConfigurationPlatforms) = preSolution
		Debug|Any CPU = Debug|Any CPU
		Release|Any CPU = Release|Any CPU
	EndGlobalSection
	GlobalSection(ProjectConfigurationPlatforms) = postSolution
		{C61D2281-BEC4-4037-914E-4782233DBC4C}.Debug|Any CPU.ActiveCfg = Debug|Any CPU
		{C61D2281-BEC4-4037-914E-4782233DBC4C}.Debug|Any CPU.Build.0 = Debug|Any CPU
		{C61D2281-BEC4-4037-914E-4782233DBC4C}.Release|Any CPU.ActiveCfg = Release|Any CPU
		{C61D2281-BEC4-4037-914E-4782233DBC4C}.Release|Any CPU.Build.0 = Release|Any CPU
	EndGlobalSection
	GlobalSection(SolutionProperties) = preSolution
		HideSolutionNode = FALSE
	EndGlobalSection
	GlobalSection(ExtensibilityGlobals) = postSolution
		SolutionGuid = {549AB458-92F5-4157-BB12-7ACB435BF709}
	EndGlobalSection
EndGlobal
